
Microsoft Visual Studio Solution File, Format Version 12.00
Project("{FAE04EC0-301F-11D3-BF4B-00C04F79EFBC}") = "VueBookStore.Server", "VueBookStore.Server\VueBookStore.Server.csproj", "{6A178A87-8B44-4984-91FB-A4F78E1468DF}"
EndProject
Global
	GlobalSection(SolutionConfigurationPlatforms) = preSolution
		Debug|Any CPU = Debug|Any CPU
		Release|Any CPU = Release|Any CPU
	EndGlobalSection
	GlobalSection(ProjectConfigurationPlatforms) = postSolution
		{6A178A87-8B44-4984-91FB-A4F78E1468DF}.Debug|Any CPU.ActiveCfg = Debug|Any CPU
		{6A178A87-8B44-4984-91FB-A4F78E1468DF}.Debug|Any CPU.Build.0 = Debug|Any CPU
		{6A178A87-8B44-4984-91FB-A4F78E1468DF}.Release|Any CPU.ActiveCfg = Release|Any CPU
		{6A178A87-8B44-4984-91FB-A4F78E1468DF}.Release|Any CPU.Build.0 = Release|Any CPU
	EndGlobalSection
EndGlobal
